<?xml version="1.0" encoding="utf-8"?>
<Project ToolsVersion="4.0" xmlns="http://schemas.microsoft.com/developer/msbuild/2003">
  <ItemGroup>
    <Filter Include="Source Files">
      <UniqueIdentifier>{4FC737F1-C7A5-4376-A066-2A32D752A2FF}</UniqueIdentifier>
      <Extensions>cpp;c;cc;cxx;c++;cppm;ixx;def;odl;idl;hpj;bat;asm;asmx</Extensions>
    </Filter>
    <Filter Include="Header Files">
      <UniqueIdentifier>{93995380-89BD-4b04-88EB-625FBE52EBFB}</UniqueIdentifier>
      <Extensions>h;hh;hpp;hxx;h++;hm;inl;inc;ipp;xsd</Extensions>
    </Filter>
    <Filter Include="Resource Files">
      <UniqueIdentifier>{67DA6AB6-F800-4c08-8B7A-83BB121AAD01}</UniqueIdentifier>
      <Extensions>rc;ico;cur;bmp;dlg;rc2;rct;bin;rgs;gif;jpg;jpeg;jpe;resx;tiff;tif;png;wav;mfcribbon-ms</Extensions>
    </Filter>
  </ItemGroup>
  <ItemGroup>
    <ClInclude Include="type_kind.h">
      <Filter>Header Files</Filter>
    </ClInclude>
    <ClInclude Include="eFloatingPointKind.h">
      <Filter>Header Files</Filter>
    </ClInclude>
    <ClInclude Include="IOperator.h">
      <Filter>Header Files</Filter>
    </ClInclude>
    <ClInclude Include="pointer_deleter.h">
      <Filter>Header Files</Filter>
    </ClInclude>
    <ClInclude Include="CGenConstant.h">
      <Filter>Header Files</Filter>
    </ClInclude>
    <ClInclude Include="CAbsOperatorGenerator.h">
      <Filter>Header Files</Filter>
    </ClInclude>
    <ClInclude Include="IOperatorT.h">
      <Filter>Header Files</Filter>
    </ClInclude>
    <ClInclude Include="CAbsOperator.h">
      <Filter>Header Files</Filter>
    </ClInclude>
    <ClInclude Include="COCUNegate.h">
      <Filter>Header Files</Filter>
    </ClInclude>
    <ClInclude Include="COCBAdd.h">
      <Filter>Header Files</Filter>
    </ClInclude>
    <ClInclude Include="COCBMul.h">
      <Filter>Header Files</Filter>
    </ClInclude>
    <ClInclude Include="CAbsOperatorCommonBinary.h">
      <Filter>Header Files</Filter>
    </ClInclude>
    <ClInclude Include="CAbsOperatorCommonUnary.h">
      <Filter>Header Files</Filter>
    </ClInclude>
    <ClInclude Include="COCBCustom.h">
      <Filter>Header Files</Filter>
    </ClInclude>
    <ClInclude Include="COCUCustom.h">
      <Filter>Header Files</Filter>
    </ClInclude>
    <ClInclude Include="COCUPower.h">
      <Filter>Header Files</Filter>
    </ClInclude>
    <ClInclude Include="COCUExponent.h">
      <Filter>Header Files</Filter>
    </ClInclude>
    <ClInclude Include="COscillator.h">
      <Filter>Header Files</Filter>
    </ClInclude>
    <ClInclude Include="COCUSine.h">
      <Filter>Header Files</Filter>
    </ClInclude>
    <ClInclude Include="COscPWM.h">
      <Filter>Header Files</Filter>
    </ClInclude>
    <ClInclude Include="COscTriangle.h">
      <Filter>Header Files</Filter>
    </ClInclude>
    <ClInclude Include="COCURepeater.h">
      <Filter>Header Files</Filter>
    </ClInclude>
    <ClInclude Include="COCMSerializer.h">
      <Filter>Header Files</Filter>
    </ClInclude>
    <ClInclude Include="CAudioConverter.h">
      <Filter>Header Files</Filter>
    </ClInclude>
    <ClInclude Include="audio.h">
      <Filter>Header Files</Filter>
    </ClInclude>
    <ClInclude Include="CAbsOperatorCommon.h">
      <Filter>Header Files</Filter>
    </ClInclude>
    <ClInclude Include="COCUCosine.h">
      <Filter>Header Files</Filter>
    </ClInclude>
    <ClInclude Include="COCBPower.h">
      <Filter>Header Files</Filter>
    </ClInclude>
    <ClInclude Include="COCUAdd.h">
      <Filter>Header Files</Filter>
    </ClInclude>
    <ClInclude Include="COCUMul.h">
      <Filter>Header Files</Filter>
    </ClInclude>
    <ClInclude Include="COscSine.h">
      <Filter>Header Files</Filter>
    </ClInclude>
    <ClInclude Include="COscSplitter.h">
      <Filter>Header Files</Filter>
    </ClInclude>
    <ClInclude Include="IProducer.h">
      <Filter>Header Files</Filter>
    </ClInclude>
    <ClInclude Include="CAbsProducerVector.h">
      <Filter>Header Files</Filter>
    </ClInclude>
    <ClInclude Include="CGenNotes.h">
      <Filter>Header Files</Filter>
    </ClInclude>
    <ClInclude Include="CAbsProducer.h">
      <Filter>Header Files</Filter>
    </ClInclude>
    <ClInclude Include="IOperatorProducer.h">
      <Filter>Header Files</Filter>
    </ClInclude>
    <ClInclude Include="CEnvelope.h">
      <Filter>Header Files</Filter>
    </ClInclude>
  </ItemGroup>
  <ItemGroup>
    <ClCompile Include="main.cpp">
      <Filter>Source Files</Filter>
    </ClCompile>
  </ItemGroup>
  <ItemGroup>
    <Text Include="readme.txt" />
  </ItemGroup>
</Project>